
Microsoft Visual Studio Solution File, Format Version 12.00
# Visual Studio Version 16
VisualStudioVersion = 16.0.29230.47
MinimumVisualStudioVersion = 10.0.40219.1
Project("{FAE04EC0-301F-11D3-BF4B-00C04F79EFBC}") = "CSharpTest", "CSharpTest\CSharpTest.csproj", "{8E53CB0B-4F1E-46A9-BE8C-41DD4308451D}"
EndProject
Project("{FAE04EC0-301F-11D3-BF4B-00C04F79EFBC}") = "CoreConsoleApp", "CoreConsoleApp\CoreConsoleApp.csproj", "{4169F7CC-A716-4840-9A01-7AE4CDD0BE18}"
EndProject
Global
	GlobalSection(SolutionConfigurationPlatforms) = preSolution
		Debug|Any CPU = Debug|Any CPU
		Release|Any CPU = Release|Any CPU
	EndGlobalSection
	GlobalSection(ProjectConfigurationPlatforms) = postSolution
		{8E53CB0B-4F1E-46A9-BE8C-41DD4308451D}.Debug|Any CPU.ActiveCfg = Debug|Any CPU
		{8E53CB0B-4F1E-46A9-BE8C-41DD4308451D}.Debug|Any CPU.Build.0 = Debug|Any CPU
		{8E53CB0B-4F1E-46A9-BE8C-41DD4308451D}.Release|Any CPU.ActiveCfg = Release|Any CPU
		{8E53CB0B-4F1E-46A9-BE8C-41DD4308451D}.Release|Any CPU.Build.0 = Release|Any CPU
		{4169F7CC-A716-4840-9A01-7AE4CDD0BE18}.Debug|Any CPU.ActiveCfg = Debug|Any CPU
		{4169F7CC-A716-4840-9A01-7AE4CDD0BE18}.Debug|Any CPU.Build.0 = Debug|Any CPU
		{4169F7CC-A716-4840-9A01-7AE4CDD0BE18}.Release|Any CPU.ActiveCfg = Release|Any CPU
		{4169F7CC-A716-4840-9A01-7AE4CDD0BE18}.Release|Any CPU.Build.0 = Release|Any CPU
	EndGlobalSection
	GlobalSection(SolutionProperties) = preSolution
		HideSolutionNode = FALSE
	EndGlobalSection
	GlobalSection(ExtensibilityGlobals) = postSolution
		SolutionGuid = {2EB033D0-491D-4960-A4CF-6BA2207BCDBF}
	EndGlobalSection
EndGlobal
